
Microsoft Visual Studio Solution File, Format Version 12.00
Project("{FAE04EC0-301F-11D3-BF4B-00C04F79EFBC}") = "biltiful-cli", "biltiful-cli\biltiful-cli.csproj", "{6E508760-5C5E-458F-8980-229B7EAC54BF}"
EndProject
Global
	GlobalSection(SolutionConfigurationPlatforms) = preSolution
		Debug|Any CPU = Debug|Any CPU
		Release|Any CPU = Release|Any CPU
	EndGlobalSection
	GlobalSection(ProjectConfigurationPlatforms) = postSolution
		{6E508760-5C5E-458F-8980-229B7EAC54BF}.Debug|Any CPU.ActiveCfg = Debug|Any CPU
		{6E508760-5C5E-458F-8980-229B7EAC54BF}.Debug|Any CPU.Build.0 = Debug|Any CPU
		{6E508760-5C5E-458F-8980-229B7EAC54BF}.Release|Any CPU.ActiveCfg = Release|Any CPU
		{6E508760-5C5E-458F-8980-229B7EAC54BF}.Release|Any CPU.Build.0 = Release|Any CPU
	EndGlobalSection
EndGlobal
